
Microsoft Visual Studio Solution File, Format Version 12.00
# Visual Studio Version 17
VisualStudioVersion = 17.4.33213.308
MinimumVisualStudioVersion = 10.0.40219.1
Project("{FAE04EC0-301F-11D3-BF4B-00C04F79EFBC}") = "SretneSapice", "SretneSapice\SretneSapice.csproj", "{A2C9374D-E7D8-4CBA-8D51-13DD530FC830}"
EndProject
Project("{FAE04EC0-301F-11D3-BF4B-00C04F79EFBC}") = "SretneSapice.Model", "SretneSapice.Model\SretneSapice.Model.csproj", "{A5C2DCFD-63EC-4517-BEAF-8E3ABEA0173E}"
EndProject
Project("{FAE04EC0-301F-11D3-BF4B-00C04F79EFBC}") = "SretneSapice.Services", "SretneSapice.Services\SretneSapice.Services.csproj", "{32A03BB9-0A9A-437D-8294-E1AF500ACA93}"
EndProject
Global
	GlobalSection(SolutionConfigurationPlatforms) = preSolution
		Debug|Any CPU = Debug|Any CPU
		Release|Any CPU = Release|Any CPU
	EndGlobalSection
	GlobalSection(ProjectConfigurationPlatforms) = postSolution
		{A2C9374D-E7D8-4CBA-8D51-13DD530FC830}.Debug|Any CPU.ActiveCfg = Debug|Any CPU
		{A2C9374D-E7D8-4CBA-8D51-13DD530FC830}.Debug|Any CPU.Build.0 = Debug|Any CPU
		{A2C9374D-E7D8-4CBA-8D51-13DD530FC830}.Release|Any CPU.ActiveCfg = Release|Any CPU
		{A2C9374D-E7D8-4CBA-8D51-13DD530FC830}.Release|Any CPU.Build.0 = Release|Any CPU
		{A5C2DCFD-63EC-4517-BEAF-8E3ABEA0173E}.Debug|Any CPU.ActiveCfg = Debug|Any CPU
		{A5C2DCFD-63EC-4517-BEAF-8E3ABEA0173E}.Debug|Any CPU.Build.0 = Debug|Any CPU
		{A5C2DCFD-63EC-4517-BEAF-8E3ABEA0173E}.Release|Any CPU.ActiveCfg = Release|Any CPU
		{A5C2DCFD-63EC-4517-BEAF-8E3ABEA0173E}.Release|Any CPU.Build.0 = Release|Any CPU
		{32A03BB9-0A9A-437D-8294-E1AF500ACA93}.Debug|Any CPU.ActiveCfg = Debug|Any CPU
		{32A03BB9-0A9A-437D-8294-E1AF500ACA93}.Debug|Any CPU.Build.0 = Debug|Any CPU
		{32A03BB9-0A9A-437D-8294-E1AF500ACA93}.Release|Any CPU.ActiveCfg = Release|Any CPU
		{32A03BB9-0A9A-437D-8294-E1AF500ACA93}.Release|Any CPU.Build.0 = Release|Any CPU
	EndGlobalSection
	GlobalSection(SolutionProperties) = preSolution
		HideSolutionNode = FALSE
	EndGlobalSection
	GlobalSection(ExtensibilityGlobals) = postSolution
		SolutionGuid = {D3F10D31-6CCC-4E68-A4AD-E87A8B0FFF85}
	EndGlobalSection
EndGlobal
